
Microsoft Visual Studio Solution File, Format Version 12.00
# Visual Studio Version 17
VisualStudioVersion = 17.8.34322.80
MinimumVisualStudioVersion = 10.0.40219.1
Project("{8BC9CEB8-8B4A-11D0-8D11-00A0C91BC942}") = "Hanbot", "Hanbot.vcxproj", "{3738C582-06C4-4FC3-8582-3D2DA67AACFB}"
EndProject
Project("{8BC9CEB8-8B4A-11D0-8D11-00A0C91BC942}") = "CoreHelper", "..\CoreHelper\CoreHelper.vcxproj", "{0C33423B-CEA8-4EB9-A03B-CE15007DC5F7}"
EndProject
Global
	GlobalSection(SolutionConfigurationPlatforms) = preSolution
		Debug|x64 = Debug|x64
		Debug|x86 = Debug|x86
		Release|x64 = Release|x64
		Release|x86 = Release|x86
	EndGlobalSection
	GlobalSection(ProjectConfigurationPlatforms) = postSolution
		{3738C582-06C4-4FC3-8582-3D2DA67AACFB}.Debug|x64.ActiveCfg = Debug|x64
		{3738C582-06C4-4FC3-8582-3D2DA67AACFB}.Debug|x64.Build.0 = Debug|x64
		{3738C582-06C4-4FC3-8582-3D2DA67AACFB}.Debug|x86.ActiveCfg = Debug|Win32
		{3738C582-06C4-4FC3-8582-3D2DA67AACFB}.Debug|x86.Build.0 = Debug|Win32
		{3738C582-06C4-4FC3-8582-3D2DA67AACFB}.Release|x64.ActiveCfg = Release|x64
		{3738C582-06C4-4FC3-8582-3D2DA67AACFB}.Release|x64.Build.0 = Release|x64
		{3738C582-06C4-4FC3-8582-3D2DA67AACFB}.Release|x86.ActiveCfg = Release|Win32
		{3738C582-06C4-4FC3-8582-3D2DA67AACFB}.Release|x86.Build.0 = Release|Win32
		{0C33423B-CEA8-4EB9-A03B-CE15007DC5F7}.Debug|x64.ActiveCfg = Debug|x64
		{0C33423B-CEA8-4EB9-A03B-CE15007DC5F7}.Debug|x64.Build.0 = Debug|x64
		{0C33423B-CEA8-4EB9-A03B-CE15007DC5F7}.Debug|x86.ActiveCfg = Debug|Win32
		{0C33423B-CEA8-4EB9-A03B-CE15007DC5F7}.Debug|x86.Build.0 = Debug|Win32
		{0C33423B-CEA8-4EB9-A03B-CE15007DC5F7}.Release|x64.ActiveCfg = Release|x64
		{0C33423B-CEA8-4EB9-A03B-CE15007DC5F7}.Release|x64.Build.0 = Release|x64
		{0C33423B-CEA8-4EB9-A03B-CE15007DC5F7}.Release|x86.ActiveCfg = Release|Win32
		{0C33423B-CEA8-4EB9-A03B-CE15007DC5F7}.Release|x86.Build.0 = Release|Win32
	EndGlobalSection
	GlobalSection(SolutionProperties) = preSolution
		HideSolutionNode = FALSE
	EndGlobalSection
	GlobalSection(ExtensibilityGlobals) = postSolution
		SolutionGuid = {9957E89A-9A96-457E-BBD9-02CBC4317B7E}
	EndGlobalSection
EndGlobal
